
Microsoft Visual Studio Solution File, Format Version 12.00
# Visual Studio 15
VisualStudioVersion = 15.0.27130.2036
MinimumVisualStudioVersion = 10.0.40219.1
Project("{FAE04EC0-301F-11D3-BF4B-00C04F79EFBC}") = "ApiService", "ApiService\ApiService.csproj", "{23764323-BB66-46AB-A161-AD301052A929}"
EndProject
Global
	GlobalSection(SolutionConfigurationPlatforms) = preSolution
		Debug|Any CPU = Debug|Any CPU
		Release|Any CPU = Release|Any CPU
	EndGlobalSection
	GlobalSection(ProjectConfigurationPlatforms) = postSolution
		{23764323-BB66-46AB-A161-AD301052A929}.Debug|Any CPU.ActiveCfg = Debug|Any CPU
		{23764323-BB66-46AB-A161-AD301052A929}.Debug|Any CPU.Build.0 = Debug|Any CPU
		{23764323-BB66-46AB-A161-AD301052A929}.Release|Any CPU.ActiveCfg = Release|Any CPU
		{23764323-BB66-46AB-A161-AD301052A929}.Release|Any CPU.Build.0 = Release|Any CPU
	EndGlobalSection
	GlobalSection(SolutionProperties) = preSolution
		HideSolutionNode = FALSE
	EndGlobalSection
	GlobalSection(ExtensibilityGlobals) = postSolution
		SolutionGuid = {12894172-5746-470B-8B37-FD82CDC9FE48}
	EndGlobalSection
EndGlobal
